
Microsoft Visual Studio Solution File, Format Version 12.00
# Visual Studio 15
VisualStudioVersion = 15.0.28010.2003
MinimumVisualStudioVersion = 10.0.40219.1
Project("{2150E333-8FDC-42A3-9474-1A3956D46DE8}") = "Solution Items", "Solution Items", "{73953597-A935-4623-B11B-F3FEF2B6A260}"
	ProjectSection(SolutionItems) = preProject
		.editorconfig = .editorconfig
		.gitattributes = .gitattributes
		.gitignore = .gitignore
		README.md = README.md
	EndProjectSection
EndProject
Project("{9A19103F-16F7-4668-BE54-9A1E7A4F7556}") = "Core", "src\Core\Core.csproj", "{0FF83157-EDC8-4049-BDE3-6E3B571B3790}"
EndProject
Project("{9A19103F-16F7-4668-BE54-9A1E7A4F7556}") = "Tests", "test\Tests.csproj", "{3B566BA3-475D-4034-A756-BE71C28BAFD7}"
EndProject
Project("{9A19103F-16F7-4668-BE54-9A1E7A4F7556}") = "Infrastructure", "src\Infrastructure\Infrastructure.csproj", "{F2F6AF67-296E-4A80-A668-CB9906E0D3A0}"
EndProject
Project("{FAE04EC0-301F-11D3-BF4B-00C04F79EFBC}") = "WebApi", "src\WebApi\WebApi.csproj", "{216F2213-D14F-4C1E-AA73-5AD635530A1E}"
EndProject
Global
	GlobalSection(SolutionConfigurationPlatforms) = preSolution
		Debug|Any CPU = Debug|Any CPU
		Release|Any CPU = Release|Any CPU
	EndGlobalSection
	GlobalSection(ProjectConfigurationPlatforms) = postSolution
		{0FF83157-EDC8-4049-BDE3-6E3B571B3790}.Debug|Any CPU.ActiveCfg = Debug|Any CPU
		{0FF83157-EDC8-4049-BDE3-6E3B571B3790}.Debug|Any CPU.Build.0 = Debug|Any CPU
		{0FF83157-EDC8-4049-BDE3-6E3B571B3790}.Release|Any CPU.ActiveCfg = Release|Any CPU
		{0FF83157-EDC8-4049-BDE3-6E3B571B3790}.Release|Any CPU.Build.0 = Release|Any CPU
		{3B566BA3-475D-4034-A756-BE71C28BAFD7}.Debug|Any CPU.ActiveCfg = Debug|Any CPU
		{3B566BA3-475D-4034-A756-BE71C28BAFD7}.Debug|Any CPU.Build.0 = Debug|Any CPU
		{3B566BA3-475D-4034-A756-BE71C28BAFD7}.Release|Any CPU.ActiveCfg = Release|Any CPU
		{3B566BA3-475D-4034-A756-BE71C28BAFD7}.Release|Any CPU.Build.0 = Release|Any CPU
		{F2F6AF67-296E-4A80-A668-CB9906E0D3A0}.Debug|Any CPU.ActiveCfg = Debug|Any CPU
		{F2F6AF67-296E-4A80-A668-CB9906E0D3A0}.Debug|Any CPU.Build.0 = Debug|Any CPU
		{F2F6AF67-296E-4A80-A668-CB9906E0D3A0}.Release|Any CPU.ActiveCfg = Release|Any CPU
		{F2F6AF67-296E-4A80-A668-CB9906E0D3A0}.Release|Any CPU.Build.0 = Release|Any CPU
		{216F2213-D14F-4C1E-AA73-5AD635530A1E}.Debug|Any CPU.ActiveCfg = Debug|Any CPU
		{216F2213-D14F-4C1E-AA73-5AD635530A1E}.Debug|Any CPU.Build.0 = Debug|Any CPU
		{216F2213-D14F-4C1E-AA73-5AD635530A1E}.Release|Any CPU.ActiveCfg = Release|Any CPU
		{216F2213-D14F-4C1E-AA73-5AD635530A1E}.Release|Any CPU.Build.0 = Release|Any CPU
	EndGlobalSection
	GlobalSection(SolutionProperties) = preSolution
		HideSolutionNode = FALSE
	EndGlobalSection
	GlobalSection(ExtensibilityGlobals) = postSolution
		SolutionGuid = {42CB36BB-395B-44F2-8273-E658DDFADDB7}
	EndGlobalSection
EndGlobal
